// !$*UTF8*$!
{
	archiveVersion = 1;
	classes = {
	};
	objectVersion = 50;
	objects = {

/* Begin PBXBuildFile section */
		6125FC8324BF021000E752B2 /* Move.swift in Sources */ = {isa = PBXBuildFile; fileRef = 6125FC8224BF021000E752B2 /* Move.swift */; };
		6131CA8D24BDAE7200F33271 /* AppDelegate.swift in Sources */ = {isa = PBXBuildFile; fileRef = 6131CA8C24BDAE7200F33271 /* AppDelegate.swift */; };
		6131CA8F24BDAE7200F33271 /* SceneDelegate.swift in Sources */ = {isa = PBXBuildFile; fileRef = 6131CA8E24BDAE7200F33271 /* SceneDelegate.swift */; };
		6131CA9124BDAE7200F33271 /* ViewController.swift in Sources */ = {isa = PBXBuildFile; fileRef = 6131CA9024BDAE7200F33271 /* ViewController.swift */; };
		6131CA9424BDAE7200F33271 /* Main.storyboard in Resources */ = {isa = PBXBuildFile; fileRef = 6131CA9224BDAE7200F33271 /* Main.storyboard */; };
		6131CA9624BDAE7400F33271 /* Assets.xcassets in Resources */ = {isa = PBXBuildFile; fileRef = 6131CA9524BDAE7400F33271 /* Assets.xcassets */; };
		6131CA9924BDAE7400F33271 /* LaunchScreen.storyboard in Resources */ = {isa = PBXBuildFile; fileRef = 6131CA9724BDAE7400F33271 /* LaunchScreen.storyboard */; };
		6131CAA124BDB40700F33271 /* Board.swift in Sources */ = {isa = PBXBuildFile; fileRef = 6131CAA024BDB40700F33271 /* Board.swift */; };
		6131CAA324BDCE2C00F33271 /* Player.swift in Sources */ = {isa = PBXBuildFile; fileRef = 6131CAA224BDCE2C00F33271 /* Player.swift */; };
/* End PBXBuildFile section */

/* Begin PBXFileReference section */
		6125FC8224BF021000E752B2 /* Move.swift */ = {isa = PBXFileReference; lastKnownFileType = sourcecode.swift; path = Move.swift; sourceTree = "<group>"; };
		6131CA8924BDAE7200F33271 /* Project34.app */ = {isa = PBXFileReference; explicitFileType = wrapper.application; includeInIndex = 0; path = Project34.app; sourceTree = BUILT_PRODUCTS_DIR; };
		6131CA8C24BDAE7200F33271 /* AppDelegate.swift */ = {isa = PBXFileReference; lastKnownFileType = sourcecode.swift; path = AppDelegate.swift; sourceTree = "<group>"; };
		6131CA8E24BDAE7200F33271 /* SceneDelegate.swift */ = {isa = PBXFileReference; lastKnownFileType = sourcecode.swift; path = SceneDelegate.swift; sourceTree = "<group>"; };
		6131CA9024BDAE7200F33271 /* ViewController.swift */ = {isa = PBXFileReference; lastKnownFileType = sourcecode.swift; path = ViewController.swift; sourceTree = "<group>"; };
		6131CA9324BDAE7200F33271 /* Base */ = {isa = PBXFileReference; lastKnownFileType = file.storyboard; name = Base; path = Base.lproj/Main.storyboard; sourceTree = "<group>"; };
		6131CA9524BDAE7400F33271 /* Assets.xcassets */ = {isa = PBXFileReference; lastKnownFileType = folder.assetcatalog; path = Assets.xcassets; sourceTree = "<group>"; };
		6131CA9824BDAE7400F33271 /* Base */ = {isa = PBXFileReference; lastKnownFileType = file.storyboard; name = Base; path = Base.lproj/LaunchScreen.storyboard; sourceTree = "<group>"; };
		6131CA9A24BDAE7400F33271 /* Info.plist */ = {isa = PBXFileReference; lastKnownFileType = text.plist.xml; path = Info.plist; sourceTree = "<group>"; };
		6131CAA024BDB40700F33271 /* Board.swift */ = {isa = PBXFileReference; lastKnownFileType = sourcecode.swift; path = Board.swift; sourceTree = "<group>"; };
		6131CAA224BDCE2C00F33271 /* Player.swift */ = {isa = PBXFileReference; lastKnownFileType = sourcecode.swift; path = Player.swift; sourceTree = "<group>"; };
/* End PBXFileReference section */

/* Begin PBXFrameworksBuildPhase section */
		6131CA8624BDAE7200F33271 /* Frameworks */ = {
			isa = PBXFrameworksBuildPhase;
			buildActionMask = 2147483647;
			files = (
			);
			runOnlyForDeploymentPostprocessing = 0;
		};
/* End PBXFrameworksBuildPhase section */

/* Begin PBXGroup section */
		6131CA8024BDAE7200F33271 = {
			isa = PBXGroup;
			children = (
				6131CA8B24BDAE7200F33271 /* Project34 */,
				6131CA8A24BDAE7200F33271 /* Products */,
			);
			sourceTree = "<group>";
		};
		6131CA8A24BDAE7200F33271 /* Products */ = {
			isa = PBXGroup;
			children = (
				6131CA8924BDAE7200F33271 /* Project34.app */,
			);
			name = Products;
			sourceTree = "<group>";
		};
		6131CA8B24BDAE7200F33271 /* Project34 */ = {
			isa = PBXGroup;
			children = (
				6131CA8C24BDAE7200F33271 /* AppDelegate.swift */,
				6131CA8E24BDAE7200F33271 /* SceneDelegate.swift */,
				6131CA9224BDAE7200F33271 /* Main.storyboard */,
				6131CA9024BDAE7200F33271 /* ViewController.swift */,
				6131CAA024BDB40700F33271 /* Board.swift */,
				6131CAA224BDCE2C00F33271 /* Player.swift */,
				6125FC8224BF021000E752B2 /* Move.swift */,
				6131CA9524BDAE7400F33271 /* Assets.xcassets */,
				6131CA9724BDAE7400F33271 /* LaunchScreen.storyboard */,
				6131CA9A24BDAE7400F33271 /* Info.plist */,
			);
			path = Project34;
			sourceTree = "<group>";
		};
/* End PBXGroup section */

/* Begin PBXNativeTarget section */
		6131CA8824BDAE7200F33271 /* Project34 */ = {
			isa = PBXNativeTarget;
			buildConfigurationList = 6131CA9D24BDAE7400F33271 /* Build configuration list for PBXNativeTarget "Project34" */;
			buildPhases = (
				6131CA8524BDAE7200F33271 /* Sources */,
				6131CA8624BDAE7200F33271 /* Frameworks */,
				6131CA8724BDAE7200F33271 /* Resources */,
			);
			buildRules = (
			);
			dependencies = (
			);
			name = Project34;
			productName = Project34;
			productReference = 6131CA8924BDAE7200F33271 /* Project34.app */;
			productType = "com.apple.product-type.application";
		};
/* End PBXNativeTarget section */

/* Begin PBXProject section */
		6131CA8124BDAE7200F33271 /* Project object */ = {
			isa = PBXProject;
			attributes = {
				LastSwiftUpdateCheck = 1150;
				LastUpgradeCheck = 1150;
				ORGANIZATIONNAME = "Mateusz Zacharski";
				TargetAttributes = {
					6131CA8824BDAE7200F33271 = {
						CreatedOnToolsVersion = 11.5;
					};
				};
			};
			buildConfigurationList = 6131CA8424BDAE7200F33271 /* Build configuration list for PBXProject "Project34" */;
			compatibilityVersion = "Xcode 9.3";
			developmentRegion = en;
			hasScannedForEncodings = 0;
			knownRegions = (
				en,
				Base,
			);
			mainGroup = 6131CA8024BDAE7200F33271;
			productRefGroup = 6131CA8A24BDAE7200F33271 /* Products */;
			projectDirPath = "";
			projectRoot = "";
			targets = (
				6131CA8824BDAE7200F33271 /* Project34 */,
			);
		};
/* End PBXProject section */

/* Begin PBXResourcesBuildPhase section */
		6131CA8724BDAE7200F33271 /* Resources */ = {
			isa = PBXResourcesBuildPhase;
			buildActionMask = 2147483647;
			files = (
				6131CA9924BDAE7400F33271 /* LaunchScreen.storyboard in Resources */,
				6131CA9624BDAE7400F33271 /* Assets.xcassets in Resources */,
				6131CA9424BDAE7200F33271 /* Main.storyboard in Resources */,
			);
			runOnlyForDeploymentPostprocessing = 0;
		};
/* End PBXResourcesBuildPhase section */

/* Begin PBXSourcesBuildPhase section */
		6131CA8524BDAE7200F33271 /* Sources */ = {
			isa = PBXSourcesBuildPhase;
			buildActionMask = 2147483647;
			files = (
				6131CA9124BDAE7200F33271 /* ViewController.swift in Sources */,
				6131CA8D24BDAE7200F33271 /* AppDelegate.swift in Sources */,
				6131CAA124BDB40700F33271 /* Board.swift in Sources */,
				6131CAA324BDCE2C00F33271 /* Player.swift in Sources */,
				6125FC8324BF021000E752B2 /* Move.swift in Sources */,
				6131CA8F24BDAE7200F33271 /* SceneDelegate.swift in Sources */,
			);
			runOnlyForDeploymentPostprocessing = 0;
		};
/* End PBXSourcesBuildPhase section */

/* Begin PBXVariantGroup section */
		6131CA9224BDAE7200F33271 /* Main.storyboard */ = {
			isa = PBXVariantGroup;
			children = (
				6131CA9324BDAE7200F33271 /* Base */,
			);
			name = Main.storyboard;
			sourceTree = "<group>";
		};
		6131CA9724BDAE7400F33271 /* LaunchScreen.storyboard */ = {
			isa = PBXVariantGroup;
			children = (
				6131CA9824BDAE7400F33271 /* Base */,
			);
			name = LaunchScreen.storyboard;
			sourceTree = "<group>";
		};
/* End PBXVariantGroup section */

/* Begin XCBuildConfiguration section */
		6131CA9B24BDAE7400F33271 /* Debug */ = {
			isa = XCBuildConfiguration;
			buildSettings = {
				ALWAYS_SEARCH_USER_PATHS = NO;
				CLANG_ANALYZER_NONNULL = YES;
				CLANG_ANALYZER_NUMBER_OBJECT_CONVERSION = YES_AGGRESSIVE;
				CLANG_CXX_LANGUAGE_STANDARD = "gnu++14";
				CLANG_CXX_LIBRARY = "libc++";
				CLANG_ENABLE_MODULES = YES;
				CLANG_ENABLE_OBJC_ARC = YES;
				CLANG_ENABLE_OBJC_WEAK = YES;
				CLANG_WARN_BLOCK_CAPTURE_AUTORELEASING = YES;
				CLANG_WARN_BOOL_CONVERSION = YES;
				CLANG_WARN_COMMA = YES;
				CLANG_WARN_CONSTANT_CONVERSION = YES;
				CLANG_WARN_DEPRECATED_OBJC_IMPLEMENTATIONS = YES;
				CLANG_WARN_DIRECT_OBJC_ISA_USAGE = YES_ERROR;
				CLANG_WARN_DOCUMENTATION_COMMENTS = YES;
				CLANG_WARN_EMPTY_BODY = YES;
				CLANG_WARN_ENUM_CONVERSION = YES;
				CLANG_WARN_INFINITE_RECURSION = YES;
				CLANG_WARN_INT_CONVERSION = YES;
				CLANG_WARN_NON_LITERAL_NULL_CONVERSION = YES;
				CLANG_WARN_OBJC_IMPLICIT_RETAIN_SELF = YES;
				CLANG_WARN_OBJC_LITERAL_CONVERSION = YES;
				CLANG_WARN_OBJC_ROOT_CLASS = YES_ERROR;
				CLANG_WARN_RANGE_LOOP_ANALYSIS = YES;
				CLANG_WARN_STRICT_PROTOTYPES = YES;
				CLANG_WARN_SUSPICIOUS_MOVE = YES;
				CLANG_WARN_UNGUARDED_AVAILABILITY = YES_AGGRESSIVE;
				CLANG_WARN_UNREACHABLE_CODE = YES;
				CLANG_WARN__DUPLICATE_METHOD_MATCH = YES;
				COPY_PHASE_STRIP = NO;
				DEBUG_INFORMATION_FORMAT = dwarf;
				ENABLE_STRICT_OBJC_MSGSEND = YES;
				ENABLE_TESTABILITY = YES;
				GCC_C_LANGUAGE_STANDARD = gnu11;
				GCC_DYNAMIC_NO_PIC = NO;
				GCC_NO_COMMON_BLOCKS = YES;
				GCC_OPTIMIZATION_LEVEL = 0;
				GCC_PREPROCESSOR_DEFINITIONS = (
					"DEBUG=1",
					"$(inherited)",
				);
				GCC_WARN_64_TO_32_BIT_CONVERSION = YES;
				GCC_WARN_ABOUT_RETURN_TYPE = YES_ERROR;
				GCC_WARN_UNDECLARED_SELECTOR = YES;
				GCC_WARN_UNINITIALIZED_AUTOS = YES_AGGRESSIVE;
				GCC_WARN_UNUSED_FUNCTION = YES;
				GCC_WARN_UNUSED_VARIABLE = YES;
				IPHONEOS_DEPLOYMENT_TARGET = 13.5;
				MTL_ENABLE_DEBUG_INFO = INCLUDE_SOURCE;
				MTL_FAST_MATH = YES;
				ONLY_ACTIVE_ARCH = YES;
				SDKROOT = iphoneos;
				SWIFT_ACTIVE_COMPILATION_CONDITIONS = DEBUG;
				SWIFT_OPTIMIZATION_LEVEL = "-Onone";
			};
			name = Debug;
		};
		6131CA9C24BDAE7400F33271 /* Release */ = {
			isa = XCBuildConfiguration;
			buildSettings = {
				ALWAYS_SEARCH_USER_PATHS = NO;
				CLANG_ANALYZER_NONNULL = YES;
				CLANG_ANALYZER_NUMBER_OBJECT_CONVERSION = YES_AGGRESSIVE;
				CLANG_CXX_LANGUAGE_STANDARD = "gnu++14";
				CLANG_CXX_LIBRARY = "libc++";
				CLANG_ENABLE_MODULES = YES;
				CLANG_ENABLE_OBJC_ARC = YES;
				CLANG_ENABLE_OBJC_WEAK = YES;
				CLANG_WARN_BLOCK_CAPTURE_AUTORELEASING = YES;
				CLANG_WARN_BOOL_CONVERSION = YES;
				CLANG_WARN_COMMA = YES;
				CLANG_WARN_CONSTANT_CONVERSION = YES;
				CLANG_WARN_DEPRECATED_OBJC_IMPLEMENTATIONS = YES;
				CLANG_WARN_DIRECT_OBJC_ISA_USAGE = YES_ERROR;
				CLANG_WARN_DOCUMENTATION_COMMENTS = YES;
				CLANG_WARN_EMPTY_BODY = YES;
				CLANG_WARN_ENUM_CONVERSION = YES;
				CLANG_WARN_INFINITE_RECURSION = YES;
				CLANG_WARN_INT_CONVERSION = YES;
				CLANG_WARN_NON_LITERAL_NULL_CONVERSION = YES;
				CLANG_WARN_OBJC_IMPLICIT_RETAIN_SELF = YES;
				CLANG_WARN_OBJC_LITERAL_CONVERSION = YES;
				CLANG_WARN_OBJC_ROOT_CLASS = YES_ERROR;
				CLANG_WARN_RANGE_LOOP_ANALYSIS = YES;
				CLANG_WARN_STRICT_PROTOTYPES = YES;
				CLANG_WARN_SUSPICIOUS_MOVE = YES;
				CLANG_WARN_UNGUARDED_AVAILABILITY = YES_AGGRESSIVE;
				CLANG_WARN_UNREACHABLE_CODE = YES;
				CLANG_WARN__DUPLICATE_METHOD_MATCH = YES;
				COPY_PHASE_STRIP = NO;
				DEBUG_INFORMATION_FORMAT = "dwarf-with-dsym";
				ENABLE_NS_ASSERTIONS = NO;
				ENABLE_STRICT_OBJC_MSGSEND = YES;
				GCC_C_LANGUAGE_STANDARD = gnu11;
				GCC_NO_COMMON_BLOCKS = YES;
				GCC_WARN_64_TO_32_BIT_CONVERSION = YES;
				GCC_WARN_ABOUT_RETURN_TYPE = YES_ERROR;
				GCC_WARN_UNDECLARED_SELECTOR = YES;
				GCC_WARN_UNINITIALIZED_AUTOS = YES_AGGRESSIVE;
				GCC_WARN_UNUSED_FUNCTION = YES;
				GCC_WARN_UNUSED_VARIABLE = YES;
				IPHONEOS_DEPLOYMENT_TARGET = 13.5;
				MTL_ENABLE_DEBUG_INFO = NO;
				MTL_FAST_MATH = YES;
				SDKROOT = iphoneos;
				SWIFT_COMPILATION_MODE = wholemodule;
				SWIFT_OPTIMIZATION_LEVEL = "-O";
				VALIDATE_PRODUCT = YES;
			};
			name = Release;
		};
		6131CA9E24BDAE7400F33271 /* Debug */ = {
			isa = XCBuildConfiguration;
			buildSettings = {
				ASSETCATALOG_COMPILER_APPICON_NAME = AppIcon;
				CODE_SIGN_STYLE = Automatic;
				DEVELOPMENT_TEAM = 58PCABA652;
				INFOPLIST_FILE = Project34/Info.plist;
				LD_RUNPATH_SEARCH_PATHS = (
					"$(inherited)",
					"@executable_path/Frameworks",
				);
				PRODUCT_BUNDLE_IDENTIFIER = com.MZacharski.Project34;
				PRODUCT_NAME = "$(TARGET_NAME)";
				SWIFT_VERSION = 5.0;
				TARGETED_DEVICE_FAMILY = 2;
			};
			name = Debug;
		};
		6131CA9F24BDAE7400F33271 /* Release */ = {
			isa = XCBuildConfiguration;
			buildSettings = {
				ASSETCATALOG_COMPILER_APPICON_NAME = AppIcon;
				CODE_SIGN_STYLE = Automatic;
				DEVELOPMENT_TEAM = 58PCABA652;
				INFOPLIST_FILE = Project34/Info.plist;
				LD_RUNPATH_SEARCH_PATHS = (
					"$(inherited)",
					"@executable_path/Frameworks",
				);
				PRODUCT_BUNDLE_IDENTIFIER = com.MZacharski.Project34;
				PRODUCT_NAME = "$(TARGET_NAME)";
				SWIFT_VERSION = 5.0;
				TARGETED_DEVICE_FAMILY = 2;
			};
			name = Release;
		};
/* End XCBuildConfiguration section */

/* Begin XCConfigurationList section */
		6131CA8424BDAE7200F33271 /* Build configuration list for PBXProject "Project34" */ = {
			isa = XCConfigurationList;
			buildConfigurations = (
				6131CA9B24BDAE7400F33271 /* Debug */,
				6131CA9C24BDAE7400F33271 /* Release */,
			);
			defaultConfigurationIsVisible = 0;
			defaultConfigurationName = Release;
		};
		6131CA9D24BDAE7400F33271 /* Build configuration list for PBXNativeTarget "Project34" */ = {
			isa = XCConfigurationList;
			buildConfigurations = (
				6131CA9E24BDAE7400F33271 /* Debug */,
				6131CA9F24BDAE7400F33271 /* Release */,
			);
			defaultConfigurationIsVisible = 0;
			defaultConfigurationName = Release;
		};
/* End XCConfigurationList section */
	};
	rootObject = 6131CA8124BDAE7200F33271 /* Project object */;
}
