// !$*UTF8*$!
{
	archiveVersion = 1;
	classes = {
	};
	objectVersion = 50;
	objects = {

/* Begin PBXBuildFile section */
		FA5F90DA24A0B001008230B8 /* AppDelegate.swift in Sources */ = {isa = PBXBuildFile; fileRef = FA5F90D924A0B001008230B8 /* AppDelegate.swift */; };
		FA5F90DC24A0B001008230B8 /* SceneDelegate.swift in Sources */ = {isa = PBXBuildFile; fileRef = FA5F90DB24A0B001008230B8 /* SceneDelegate.swift */; };
		FA5F90DE24A0B001008230B8 /* ViewController.swift in Sources */ = {isa = PBXBuildFile; fileRef = FA5F90DD24A0B001008230B8 /* ViewController.swift */; };
		FA5F90E124A0B001008230B8 /* Main.storyboard in Resources */ = {isa = PBXBuildFile; fileRef = FA5F90DF24A0B001008230B8 /* Main.storyboard */; };
		FA5F90E324A0B002008230B8 /* Assets.xcassets in Resources */ = {isa = PBXBuildFile; fileRef = FA5F90E224A0B002008230B8 /* Assets.xcassets */; };
		FA5F90E624A0B002008230B8 /* LaunchScreen.storyboard in Resources */ = {isa = PBXBuildFile; fileRef = FA5F90E424A0B002008230B8 /* LaunchScreen.storyboard */; };
		FA5F90EE24A0C815008230B8 /* impact.ttf in Resources */ = {isa = PBXBuildFile; fileRef = FA5F90ED24A0C815008230B8 /* impact.ttf */; };
		FA737FB624A22E6300D2BFFF /* RoundedButton.swift in Sources */ = {isa = PBXBuildFile; fileRef = FA737FB524A22E6300D2BFFF /* RoundedButton.swift */; };
/* End PBXBuildFile section */

/* Begin PBXFileReference section */
		FA5F90D624A0B001008230B8 /* Day 90. Challenge.app */ = {isa = PBXFileReference; explicitFileType = wrapper.application; includeInIndex = 0; path = "Day 90. Challenge.app"; sourceTree = BUILT_PRODUCTS_DIR; };
		FA5F90D924A0B001008230B8 /* AppDelegate.swift */ = {isa = PBXFileReference; lastKnownFileType = sourcecode.swift; path = AppDelegate.swift; sourceTree = "<group>"; };
		FA5F90DB24A0B001008230B8 /* SceneDelegate.swift */ = {isa = PBXFileReference; lastKnownFileType = sourcecode.swift; path = SceneDelegate.swift; sourceTree = "<group>"; };
		FA5F90DD24A0B001008230B8 /* ViewController.swift */ = {isa = PBXFileReference; lastKnownFileType = sourcecode.swift; path = ViewController.swift; sourceTree = "<group>"; };
		FA5F90E024A0B001008230B8 /* Base */ = {isa = PBXFileReference; lastKnownFileType = file.storyboard; name = Base; path = Base.lproj/Main.storyboard; sourceTree = "<group>"; };
		FA5F90E224A0B002008230B8 /* Assets.xcassets */ = {isa = PBXFileReference; lastKnownFileType = folder.assetcatalog; path = Assets.xcassets; sourceTree = "<group>"; };
		FA5F90E524A0B002008230B8 /* Base */ = {isa = PBXFileReference; lastKnownFileType = file.storyboard; name = Base; path = Base.lproj/LaunchScreen.storyboard; sourceTree = "<group>"; };
		FA5F90E724A0B002008230B8 /* Info.plist */ = {isa = PBXFileReference; lastKnownFileType = text.plist.xml; path = Info.plist; sourceTree = "<group>"; };
		FA5F90ED24A0C815008230B8 /* impact.ttf */ = {isa = PBXFileReference; lastKnownFileType = file; path = impact.ttf; sourceTree = "<group>"; };
		FA737FB524A22E6300D2BFFF /* RoundedButton.swift */ = {isa = PBXFileReference; fileEncoding = 4; lastKnownFileType = sourcecode.swift; path = RoundedButton.swift; sourceTree = "<group>"; };
/* End PBXFileReference section */

/* Begin PBXFrameworksBuildPhase section */
		FA5F90D324A0B001008230B8 /* Frameworks */ = {
			isa = PBXFrameworksBuildPhase;
			buildActionMask = 2147483647;
			files = (
			);
			runOnlyForDeploymentPostprocessing = 0;
		};
/* End PBXFrameworksBuildPhase section */

/* Begin PBXGroup section */
		FA5F90CD24A0B001008230B8 = {
			isa = PBXGroup;
			children = (
				FA5F90D824A0B001008230B8 /* Day 90. Challenge */,
				FA5F90D724A0B001008230B8 /* Products */,
			);
			sourceTree = "<group>";
		};
		FA5F90D724A0B001008230B8 /* Products */ = {
			isa = PBXGroup;
			children = (
				FA5F90D624A0B001008230B8 /* Day 90. Challenge.app */,
			);
			name = Products;
			sourceTree = "<group>";
		};
		FA5F90D824A0B001008230B8 /* Day 90. Challenge */ = {
			isa = PBXGroup;
			children = (
				FA5F90D924A0B001008230B8 /* AppDelegate.swift */,
				FA5F90DB24A0B001008230B8 /* SceneDelegate.swift */,
				FA5F90DD24A0B001008230B8 /* ViewController.swift */,
				FA5F90DF24A0B001008230B8 /* Main.storyboard */,
				FA5F90E224A0B002008230B8 /* Assets.xcassets */,
				FA5F90E424A0B002008230B8 /* LaunchScreen.storyboard */,
				FA5F90E724A0B002008230B8 /* Info.plist */,
				FA5F90ED24A0C815008230B8 /* impact.ttf */,
				FA737FB524A22E6300D2BFFF /* RoundedButton.swift */,
			);
			path = "Day 90. Challenge";
			sourceTree = "<group>";
		};
/* End PBXGroup section */

/* Begin PBXNativeTarget section */
		FA5F90D524A0B001008230B8 /* Day 90. Challenge */ = {
			isa = PBXNativeTarget;
			buildConfigurationList = FA5F90EA24A0B002008230B8 /* Build configuration list for PBXNativeTarget "Day 90. Challenge" */;
			buildPhases = (
				FA5F90D224A0B001008230B8 /* Sources */,
				FA5F90D324A0B001008230B8 /* Frameworks */,
				FA5F90D424A0B001008230B8 /* Resources */,
			);
			buildRules = (
			);
			dependencies = (
			);
			name = "Day 90. Challenge";
			productName = "Day 90. Challenge";
			productReference = FA5F90D624A0B001008230B8 /* Day 90. Challenge.app */;
			productType = "com.apple.product-type.application";
		};
/* End PBXNativeTarget section */

/* Begin PBXProject section */
		FA5F90CE24A0B001008230B8 /* Project object */ = {
			isa = PBXProject;
			attributes = {
				LastSwiftUpdateCheck = 1150;
				LastUpgradeCheck = 1150;
				ORGANIZATIONNAME = Mateusz;
				TargetAttributes = {
					FA5F90D524A0B001008230B8 = {
						CreatedOnToolsVersion = 11.5;
					};
				};
			};
			buildConfigurationList = FA5F90D124A0B001008230B8 /* Build configuration list for PBXProject "Day 90. Challenge" */;
			compatibilityVersion = "Xcode 9.3";
			developmentRegion = en;
			hasScannedForEncodings = 0;
			knownRegions = (
				en,
				Base,
			);
			mainGroup = FA5F90CD24A0B001008230B8;
			productRefGroup = FA5F90D724A0B001008230B8 /* Products */;
			projectDirPath = "";
			projectRoot = "";
			targets = (
				FA5F90D524A0B001008230B8 /* Day 90. Challenge */,
			);
		};
/* End PBXProject section */

/* Begin PBXResourcesBuildPhase section */
		FA5F90D424A0B001008230B8 /* Resources */ = {
			isa = PBXResourcesBuildPhase;
			buildActionMask = 2147483647;
			files = (
				FA5F90EE24A0C815008230B8 /* impact.ttf in Resources */,
				FA5F90E624A0B002008230B8 /* LaunchScreen.storyboard in Resources */,
				FA5F90E324A0B002008230B8 /* Assets.xcassets in Resources */,
				FA5F90E124A0B001008230B8 /* Main.storyboard in Resources */,
			);
			runOnlyForDeploymentPostprocessing = 0;
		};
/* End PBXResourcesBuildPhase section */

/* Begin PBXSourcesBuildPhase section */
		FA5F90D224A0B001008230B8 /* Sources */ = {
			isa = PBXSourcesBuildPhase;
			buildActionMask = 2147483647;
			files = (
				FA5F90DE24A0B001008230B8 /* ViewController.swift in Sources */,
				FA5F90DA24A0B001008230B8 /* AppDelegate.swift in Sources */,
				FA5F90DC24A0B001008230B8 /* SceneDelegate.swift in Sources */,
				FA737FB624A22E6300D2BFFF /* RoundedButton.swift in Sources */,
			);
			runOnlyForDeploymentPostprocessing = 0;
		};
/* End PBXSourcesBuildPhase section */

/* Begin PBXVariantGroup section */
		FA5F90DF24A0B001008230B8 /* Main.storyboard */ = {
			isa = PBXVariantGroup;
			children = (
				FA5F90E024A0B001008230B8 /* Base */,
			);
			name = Main.storyboard;
			sourceTree = "<group>";
		};
		FA5F90E424A0B002008230B8 /* LaunchScreen.storyboard */ = {
			isa = PBXVariantGroup;
			children = (
				FA5F90E524A0B002008230B8 /* Base */,
			);
			name = LaunchScreen.storyboard;
			sourceTree = "<group>";
		};
/* End PBXVariantGroup section */

/* Begin XCBuildConfiguration section */
		FA5F90E824A0B002008230B8 /* Debug */ = {
			isa = XCBuildConfiguration;
			buildSettings = {
				ALWAYS_SEARCH_USER_PATHS = NO;
				CLANG_ANALYZER_NONNULL = YES;
				CLANG_ANALYZER_NUMBER_OBJECT_CONVERSION = YES_AGGRESSIVE;
				CLANG_CXX_LANGUAGE_STANDARD = "gnu++14";
				CLANG_CXX_LIBRARY = "libc++";
				CLANG_ENABLE_MODULES = YES;
				CLANG_ENABLE_OBJC_ARC = YES;
				CLANG_ENABLE_OBJC_WEAK = YES;
				CLANG_WARN_BLOCK_CAPTURE_AUTORELEASING = YES;
				CLANG_WARN_BOOL_CONVERSION = YES;
				CLANG_WARN_COMMA = YES;
				CLANG_WARN_CONSTANT_CONVERSION = YES;
				CLANG_WARN_DEPRECATED_OBJC_IMPLEMENTATIONS = YES;
				CLANG_WARN_DIRECT_OBJC_ISA_USAGE = YES_ERROR;
				CLANG_WARN_DOCUMENTATION_COMMENTS = YES;
				CLANG_WARN_EMPTY_BODY = YES;
				CLANG_WARN_ENUM_CONVERSION = YES;
				CLANG_WARN_INFINITE_RECURSION = YES;
				CLANG_WARN_INT_CONVERSION = YES;
				CLANG_WARN_NON_LITERAL_NULL_CONVERSION = YES;
				CLANG_WARN_OBJC_IMPLICIT_RETAIN_SELF = YES;
				CLANG_WARN_OBJC_LITERAL_CONVERSION = YES;
				CLANG_WARN_OBJC_ROOT_CLASS = YES_ERROR;
				CLANG_WARN_RANGE_LOOP_ANALYSIS = YES;
				CLANG_WARN_STRICT_PROTOTYPES = YES;
				CLANG_WARN_SUSPICIOUS_MOVE = YES;
				CLANG_WARN_UNGUARDED_AVAILABILITY = YES_AGGRESSIVE;
				CLANG_WARN_UNREACHABLE_CODE = YES;
				CLANG_WARN__DUPLICATE_METHOD_MATCH = YES;
				COPY_PHASE_STRIP = NO;
				DEBUG_INFORMATION_FORMAT = dwarf;
				ENABLE_STRICT_OBJC_MSGSEND = YES;
				ENABLE_TESTABILITY = YES;
				GCC_C_LANGUAGE_STANDARD = gnu11;
				GCC_DYNAMIC_NO_PIC = NO;
				GCC_NO_COMMON_BLOCKS = YES;
				GCC_OPTIMIZATION_LEVEL = 0;
				GCC_PREPROCESSOR_DEFINITIONS = (
					"DEBUG=1",
					"$(inherited)",
				);
				GCC_WARN_64_TO_32_BIT_CONVERSION = YES;
				GCC_WARN_ABOUT_RETURN_TYPE = YES_ERROR;
				GCC_WARN_UNDECLARED_SELECTOR = YES;
				GCC_WARN_UNINITIALIZED_AUTOS = YES_AGGRESSIVE;
				GCC_WARN_UNUSED_FUNCTION = YES;
				GCC_WARN_UNUSED_VARIABLE = YES;
				IPHONEOS_DEPLOYMENT_TARGET = 13.5;
				MTL_ENABLE_DEBUG_INFO = INCLUDE_SOURCE;
				MTL_FAST_MATH = YES;
				ONLY_ACTIVE_ARCH = YES;
				SDKROOT = iphoneos;
				SWIFT_ACTIVE_COMPILATION_CONDITIONS = DEBUG;
				SWIFT_OPTIMIZATION_LEVEL = "-Onone";
			};
			name = Debug;
		};
		FA5F90E924A0B002008230B8 /* Release */ = {
			isa = XCBuildConfiguration;
			buildSettings = {
				ALWAYS_SEARCH_USER_PATHS = NO;
				CLANG_ANALYZER_NONNULL = YES;
				CLANG_ANALYZER_NUMBER_OBJECT_CONVERSION = YES_AGGRESSIVE;
				CLANG_CXX_LANGUAGE_STANDARD = "gnu++14";
				CLANG_CXX_LIBRARY = "libc++";
				CLANG_ENABLE_MODULES = YES;
				CLANG_ENABLE_OBJC_ARC = YES;
				CLANG_ENABLE_OBJC_WEAK = YES;
				CLANG_WARN_BLOCK_CAPTURE_AUTORELEASING = YES;
				CLANG_WARN_BOOL_CONVERSION = YES;
				CLANG_WARN_COMMA = YES;
				CLANG_WARN_CONSTANT_CONVERSION = YES;
				CLANG_WARN_DEPRECATED_OBJC_IMPLEMENTATIONS = YES;
				CLANG_WARN_DIRECT_OBJC_ISA_USAGE = YES_ERROR;
				CLANG_WARN_DOCUMENTATION_COMMENTS = YES;
				CLANG_WARN_EMPTY_BODY = YES;
				CLANG_WARN_ENUM_CONVERSION = YES;
				CLANG_WARN_INFINITE_RECURSION = YES;
				CLANG_WARN_INT_CONVERSION = YES;
				CLANG_WARN_NON_LITERAL_NULL_CONVERSION = YES;
				CLANG_WARN_OBJC_IMPLICIT_RETAIN_SELF = YES;
				CLANG_WARN_OBJC_LITERAL_CONVERSION = YES;
				CLANG_WARN_OBJC_ROOT_CLASS = YES_ERROR;
				CLANG_WARN_RANGE_LOOP_ANALYSIS = YES;
				CLANG_WARN_STRICT_PROTOTYPES = YES;
				CLANG_WARN_SUSPICIOUS_MOVE = YES;
				CLANG_WARN_UNGUARDED_AVAILABILITY = YES_AGGRESSIVE;
				CLANG_WARN_UNREACHABLE_CODE = YES;
				CLANG_WARN__DUPLICATE_METHOD_MATCH = YES;
				COPY_PHASE_STRIP = NO;
				DEBUG_INFORMATION_FORMAT = "dwarf-with-dsym";
				ENABLE_NS_ASSERTIONS = NO;
				ENABLE_STRICT_OBJC_MSGSEND = YES;
				GCC_C_LANGUAGE_STANDARD = gnu11;
				GCC_NO_COMMON_BLOCKS = YES;
				GCC_WARN_64_TO_32_BIT_CONVERSION = YES;
				GCC_WARN_ABOUT_RETURN_TYPE = YES_ERROR;
				GCC_WARN_UNDECLARED_SELECTOR = YES;
				GCC_WARN_UNINITIALIZED_AUTOS = YES_AGGRESSIVE;
				GCC_WARN_UNUSED_FUNCTION = YES;
				GCC_WARN_UNUSED_VARIABLE = YES;
				IPHONEOS_DEPLOYMENT_TARGET = 13.5;
				MTL_ENABLE_DEBUG_INFO = NO;
				MTL_FAST_MATH = YES;
				SDKROOT = iphoneos;
				SWIFT_COMPILATION_MODE = wholemodule;
				SWIFT_OPTIMIZATION_LEVEL = "-O";
				VALIDATE_PRODUCT = YES;
			};
			name = Release;
		};
		FA5F90EB24A0B002008230B8 /* Debug */ = {
			isa = XCBuildConfiguration;
			buildSettings = {
				ASSETCATALOG_COMPILER_APPICON_NAME = AppIcon;
				CODE_SIGN_STYLE = Automatic;
				DEVELOPMENT_TEAM = 58PCABA652;
				INFOPLIST_FILE = "Day 90. Challenge/Info.plist";
				LD_RUNPATH_SEARCH_PATHS = (
					"$(inherited)",
					"@executable_path/Frameworks",
				);
				PRODUCT_BUNDLE_IDENTIFIER = "com.example.MZacharski.Day-90--Challenge";
				PRODUCT_NAME = "$(TARGET_NAME)";
				SWIFT_VERSION = 5.0;
				TARGETED_DEVICE_FAMILY = "1,2";
			};
			name = Debug;
		};
		FA5F90EC24A0B002008230B8 /* Release */ = {
			isa = XCBuildConfiguration;
			buildSettings = {
				ASSETCATALOG_COMPILER_APPICON_NAME = AppIcon;
				CODE_SIGN_STYLE = Automatic;
				DEVELOPMENT_TEAM = 58PCABA652;
				INFOPLIST_FILE = "Day 90. Challenge/Info.plist";
				LD_RUNPATH_SEARCH_PATHS = (
					"$(inherited)",
					"@executable_path/Frameworks",
				);
				PRODUCT_BUNDLE_IDENTIFIER = "com.example.MZacharski.Day-90--Challenge";
				PRODUCT_NAME = "$(TARGET_NAME)";
				SWIFT_VERSION = 5.0;
				TARGETED_DEVICE_FAMILY = "1,2";
			};
			name = Release;
		};
/* End XCBuildConfiguration section */

/* Begin XCConfigurationList section */
		FA5F90D124A0B001008230B8 /* Build configuration list for PBXProject "Day 90. Challenge" */ = {
			isa = XCConfigurationList;
			buildConfigurations = (
				FA5F90E824A0B002008230B8 /* Debug */,
				FA5F90E924A0B002008230B8 /* Release */,
			);
			defaultConfigurationIsVisible = 0;
			defaultConfigurationName = Release;
		};
		FA5F90EA24A0B002008230B8 /* Build configuration list for PBXNativeTarget "Day 90. Challenge" */ = {
			isa = XCConfigurationList;
			buildConfigurations = (
				FA5F90EB24A0B002008230B8 /* Debug */,
				FA5F90EC24A0B002008230B8 /* Release */,
			);
			defaultConfigurationIsVisible = 0;
			defaultConfigurationName = Release;
		};
/* End XCConfigurationList section */
	};
	rootObject = FA5F90CE24A0B001008230B8 /* Project object */;
}
