// !$*UTF8*$!
{
	archiveVersion = 1;
	classes = {
	};
	objectVersion = 50;
	objects = {

/* Begin PBXBuildFile section */
		FA399FC4246013DC0043A688 /* AppDelegate.swift in Sources */ = {isa = PBXBuildFile; fileRef = FA399FC3246013DC0043A688 /* AppDelegate.swift */; };
		FA399FC6246013DC0043A688 /* SceneDelegate.swift in Sources */ = {isa = PBXBuildFile; fileRef = FA399FC5246013DC0043A688 /* SceneDelegate.swift */; };
		FA399FC8246013DC0043A688 /* ViewController.swift in Sources */ = {isa = PBXBuildFile; fileRef = FA399FC7246013DC0043A688 /* ViewController.swift */; };
		FA399FCB246013DC0043A688 /* Main.storyboard in Resources */ = {isa = PBXBuildFile; fileRef = FA399FC9246013DC0043A688 /* Main.storyboard */; };
		FA399FCD246013DD0043A688 /* Assets.xcassets in Resources */ = {isa = PBXBuildFile; fileRef = FA399FCC246013DD0043A688 /* Assets.xcassets */; };
		FA399FD0246013DD0043A688 /* LaunchScreen.storyboard in Resources */ = {isa = PBXBuildFile; fileRef = FA399FCE246013DD0043A688 /* LaunchScreen.storyboard */; };
		FA3D2F0624A4BCB8004C21CB /* KeychainWrapper.swift in Sources */ = {isa = PBXBuildFile; fileRef = FA3D2F0424A4BCB7004C21CB /* KeychainWrapper.swift */; };
		FA3D2F0724A4BCB8004C21CB /* KeychainItemAccessibility.swift in Sources */ = {isa = PBXBuildFile; fileRef = FA3D2F0524A4BCB7004C21CB /* KeychainItemAccessibility.swift */; };
		FA4E51A92461A312001954EA /* Person.swift in Sources */ = {isa = PBXBuildFile; fileRef = FA4E51A82461A312001954EA /* Person.swift */; };
		FAF83DE8246034CF009EF4F2 /* PersonCell.swift in Sources */ = {isa = PBXBuildFile; fileRef = FAF83DE7246034CF009EF4F2 /* PersonCell.swift */; };
/* End PBXBuildFile section */

/* Begin PBXFileReference section */
		FA399FC0246013DC0043A688 /* Project10.app */ = {isa = PBXFileReference; explicitFileType = wrapper.application; includeInIndex = 0; path = Project10.app; sourceTree = BUILT_PRODUCTS_DIR; };
		FA399FC3246013DC0043A688 /* AppDelegate.swift */ = {isa = PBXFileReference; lastKnownFileType = sourcecode.swift; path = AppDelegate.swift; sourceTree = "<group>"; };
		FA399FC5246013DC0043A688 /* SceneDelegate.swift */ = {isa = PBXFileReference; lastKnownFileType = sourcecode.swift; path = SceneDelegate.swift; sourceTree = "<group>"; };
		FA399FC7246013DC0043A688 /* ViewController.swift */ = {isa = PBXFileReference; lastKnownFileType = sourcecode.swift; path = ViewController.swift; sourceTree = "<group>"; };
		FA399FCA246013DC0043A688 /* Base */ = {isa = PBXFileReference; lastKnownFileType = file.storyboard; name = Base; path = Base.lproj/Main.storyboard; sourceTree = "<group>"; };
		FA399FCC246013DD0043A688 /* Assets.xcassets */ = {isa = PBXFileReference; lastKnownFileType = folder.assetcatalog; path = Assets.xcassets; sourceTree = "<group>"; };
		FA399FCF246013DD0043A688 /* Base */ = {isa = PBXFileReference; lastKnownFileType = file.storyboard; name = Base; path = Base.lproj/LaunchScreen.storyboard; sourceTree = "<group>"; };
		FA399FD1246013DD0043A688 /* Info.plist */ = {isa = PBXFileReference; lastKnownFileType = text.plist.xml; path = Info.plist; sourceTree = "<group>"; };
		FA3D2F0424A4BCB7004C21CB /* KeychainWrapper.swift */ = {isa = PBXFileReference; fileEncoding = 4; lastKnownFileType = sourcecode.swift; path = KeychainWrapper.swift; sourceTree = "<group>"; };
		FA3D2F0524A4BCB7004C21CB /* KeychainItemAccessibility.swift */ = {isa = PBXFileReference; fileEncoding = 4; lastKnownFileType = sourcecode.swift; path = KeychainItemAccessibility.swift; sourceTree = "<group>"; };
		FA4E51A82461A312001954EA /* Person.swift */ = {isa = PBXFileReference; lastKnownFileType = sourcecode.swift; path = Person.swift; sourceTree = "<group>"; };
		FAF83DE7246034CF009EF4F2 /* PersonCell.swift */ = {isa = PBXFileReference; lastKnownFileType = sourcecode.swift; path = PersonCell.swift; sourceTree = "<group>"; };
/* End PBXFileReference section */

/* Begin PBXFrameworksBuildPhase section */
		FA399FBD246013DC0043A688 /* Frameworks */ = {
			isa = PBXFrameworksBuildPhase;
			buildActionMask = 2147483647;
			files = (
			);
			runOnlyForDeploymentPostprocessing = 0;
		};
/* End PBXFrameworksBuildPhase section */

/* Begin PBXGroup section */
		FA399FB7246013DB0043A688 = {
			isa = PBXGroup;
			children = (
				FA399FC2246013DC0043A688 /* Project10 */,
				FA399FC1246013DC0043A688 /* Products */,
			);
			sourceTree = "<group>";
		};
		FA399FC1246013DC0043A688 /* Products */ = {
			isa = PBXGroup;
			children = (
				FA399FC0246013DC0043A688 /* Project10.app */,
			);
			name = Products;
			sourceTree = "<group>";
		};
		FA399FC2246013DC0043A688 /* Project10 */ = {
			isa = PBXGroup;
			children = (
				FA399FC3246013DC0043A688 /* AppDelegate.swift */,
				FA399FC5246013DC0043A688 /* SceneDelegate.swift */,
				FA399FC7246013DC0043A688 /* ViewController.swift */,
				FA4E51A82461A312001954EA /* Person.swift */,
				FA399FC9246013DC0043A688 /* Main.storyboard */,
				FAF83DE7246034CF009EF4F2 /* PersonCell.swift */,
				FA399FCC246013DD0043A688 /* Assets.xcassets */,
				FA399FCE246013DD0043A688 /* LaunchScreen.storyboard */,
				FA399FD1246013DD0043A688 /* Info.plist */,
				FA3D2F0524A4BCB7004C21CB /* KeychainItemAccessibility.swift */,
				FA3D2F0424A4BCB7004C21CB /* KeychainWrapper.swift */,
			);
			path = Project10;
			sourceTree = "<group>";
		};
/* End PBXGroup section */

/* Begin PBXNativeTarget section */
		FA399FBF246013DC0043A688 /* Project10 */ = {
			isa = PBXNativeTarget;
			buildConfigurationList = FA399FD4246013DD0043A688 /* Build configuration list for PBXNativeTarget "Project10" */;
			buildPhases = (
				FA399FBC246013DC0043A688 /* Sources */,
				FA399FBD246013DC0043A688 /* Frameworks */,
				FA399FBE246013DC0043A688 /* Resources */,
			);
			buildRules = (
			);
			dependencies = (
			);
			name = Project10;
			productName = Project10;
			productReference = FA399FC0246013DC0043A688 /* Project10.app */;
			productType = "com.apple.product-type.application";
		};
/* End PBXNativeTarget section */

/* Begin PBXProject section */
		FA399FB8246013DB0043A688 /* Project object */ = {
			isa = PBXProject;
			attributes = {
				LastSwiftUpdateCheck = 1140;
				LastUpgradeCheck = 1140;
				ORGANIZATIONNAME = Mateusz;
				TargetAttributes = {
					FA399FBF246013DC0043A688 = {
						CreatedOnToolsVersion = 11.4.1;
					};
				};
			};
			buildConfigurationList = FA399FBB246013DB0043A688 /* Build configuration list for PBXProject "Project10" */;
			compatibilityVersion = "Xcode 9.3";
			developmentRegion = en;
			hasScannedForEncodings = 0;
			knownRegions = (
				en,
				Base,
			);
			mainGroup = FA399FB7246013DB0043A688;
			productRefGroup = FA399FC1246013DC0043A688 /* Products */;
			projectDirPath = "";
			projectRoot = "";
			targets = (
				FA399FBF246013DC0043A688 /* Project10 */,
			);
		};
/* End PBXProject section */

/* Begin PBXResourcesBuildPhase section */
		FA399FBE246013DC0043A688 /* Resources */ = {
			isa = PBXResourcesBuildPhase;
			buildActionMask = 2147483647;
			files = (
				FA399FD0246013DD0043A688 /* LaunchScreen.storyboard in Resources */,
				FA399FCD246013DD0043A688 /* Assets.xcassets in Resources */,
				FA399FCB246013DC0043A688 /* Main.storyboard in Resources */,
			);
			runOnlyForDeploymentPostprocessing = 0;
		};
/* End PBXResourcesBuildPhase section */

/* Begin PBXSourcesBuildPhase section */
		FA399FBC246013DC0043A688 /* Sources */ = {
			isa = PBXSourcesBuildPhase;
			buildActionMask = 2147483647;
			files = (
				FA4E51A92461A312001954EA /* Person.swift in Sources */,
				FA399FC8246013DC0043A688 /* ViewController.swift in Sources */,
				FA399FC4246013DC0043A688 /* AppDelegate.swift in Sources */,
				FA3D2F0624A4BCB8004C21CB /* KeychainWrapper.swift in Sources */,
				FAF83DE8246034CF009EF4F2 /* PersonCell.swift in Sources */,
				FA3D2F0724A4BCB8004C21CB /* KeychainItemAccessibility.swift in Sources */,
				FA399FC6246013DC0043A688 /* SceneDelegate.swift in Sources */,
			);
			runOnlyForDeploymentPostprocessing = 0;
		};
/* End PBXSourcesBuildPhase section */

/* Begin PBXVariantGroup section */
		FA399FC9246013DC0043A688 /* Main.storyboard */ = {
			isa = PBXVariantGroup;
			children = (
				FA399FCA246013DC0043A688 /* Base */,
			);
			name = Main.storyboard;
			sourceTree = "<group>";
		};
		FA399FCE246013DD0043A688 /* LaunchScreen.storyboard */ = {
			isa = PBXVariantGroup;
			children = (
				FA399FCF246013DD0043A688 /* Base */,
			);
			name = LaunchScreen.storyboard;
			sourceTree = "<group>";
		};
/* End PBXVariantGroup section */

/* Begin XCBuildConfiguration section */
		FA399FD2246013DD0043A688 /* Debug */ = {
			isa = XCBuildConfiguration;
			buildSettings = {
				ALWAYS_SEARCH_USER_PATHS = NO;
				CLANG_ANALYZER_NONNULL = YES;
				CLANG_ANALYZER_NUMBER_OBJECT_CONVERSION = YES_AGGRESSIVE;
				CLANG_CXX_LANGUAGE_STANDARD = "gnu++14";
				CLANG_CXX_LIBRARY = "libc++";
				CLANG_ENABLE_MODULES = YES;
				CLANG_ENABLE_OBJC_ARC = YES;
				CLANG_ENABLE_OBJC_WEAK = YES;
				CLANG_WARN_BLOCK_CAPTURE_AUTORELEASING = YES;
				CLANG_WARN_BOOL_CONVERSION = YES;
				CLANG_WARN_COMMA = YES;
				CLANG_WARN_CONSTANT_CONVERSION = YES;
				CLANG_WARN_DEPRECATED_OBJC_IMPLEMENTATIONS = YES;
				CLANG_WARN_DIRECT_OBJC_ISA_USAGE = YES_ERROR;
				CLANG_WARN_DOCUMENTATION_COMMENTS = YES;
				CLANG_WARN_EMPTY_BODY = YES;
				CLANG_WARN_ENUM_CONVERSION = YES;
				CLANG_WARN_INFINITE_RECURSION = YES;
				CLANG_WARN_INT_CONVERSION = YES;
				CLANG_WARN_NON_LITERAL_NULL_CONVERSION = YES;
				CLANG_WARN_OBJC_IMPLICIT_RETAIN_SELF = YES;
				CLANG_WARN_OBJC_LITERAL_CONVERSION = YES;
				CLANG_WARN_OBJC_ROOT_CLASS = YES_ERROR;
				CLANG_WARN_RANGE_LOOP_ANALYSIS = YES;
				CLANG_WARN_STRICT_PROTOTYPES = YES;
				CLANG_WARN_SUSPICIOUS_MOVE = YES;
				CLANG_WARN_UNGUARDED_AVAILABILITY = YES_AGGRESSIVE;
				CLANG_WARN_UNREACHABLE_CODE = YES;
				CLANG_WARN__DUPLICATE_METHOD_MATCH = YES;
				COPY_PHASE_STRIP = NO;
				DEBUG_INFORMATION_FORMAT = dwarf;
				ENABLE_STRICT_OBJC_MSGSEND = YES;
				ENABLE_TESTABILITY = YES;
				GCC_C_LANGUAGE_STANDARD = gnu11;
				GCC_DYNAMIC_NO_PIC = NO;
				GCC_NO_COMMON_BLOCKS = YES;
				GCC_OPTIMIZATION_LEVEL = 0;
				GCC_PREPROCESSOR_DEFINITIONS = (
					"DEBUG=1",
					"$(inherited)",
				);
				GCC_WARN_64_TO_32_BIT_CONVERSION = YES;
				GCC_WARN_ABOUT_RETURN_TYPE = YES_ERROR;
				GCC_WARN_UNDECLARED_SELECTOR = YES;
				GCC_WARN_UNINITIALIZED_AUTOS = YES_AGGRESSIVE;
				GCC_WARN_UNUSED_FUNCTION = YES;
				GCC_WARN_UNUSED_VARIABLE = YES;
				IPHONEOS_DEPLOYMENT_TARGET = 13.4;
				MTL_ENABLE_DEBUG_INFO = INCLUDE_SOURCE;
				MTL_FAST_MATH = YES;
				ONLY_ACTIVE_ARCH = YES;
				SDKROOT = iphoneos;
				SWIFT_ACTIVE_COMPILATION_CONDITIONS = DEBUG;
				SWIFT_OPTIMIZATION_LEVEL = "-Onone";
			};
			name = Debug;
		};
		FA399FD3246013DD0043A688 /* Release */ = {
			isa = XCBuildConfiguration;
			buildSettings = {
				ALWAYS_SEARCH_USER_PATHS = NO;
				CLANG_ANALYZER_NONNULL = YES;
				CLANG_ANALYZER_NUMBER_OBJECT_CONVERSION = YES_AGGRESSIVE;
				CLANG_CXX_LANGUAGE_STANDARD = "gnu++14";
				CLANG_CXX_LIBRARY = "libc++";
				CLANG_ENABLE_MODULES = YES;
				CLANG_ENABLE_OBJC_ARC = YES;
				CLANG_ENABLE_OBJC_WEAK = YES;
				CLANG_WARN_BLOCK_CAPTURE_AUTORELEASING = YES;
				CLANG_WARN_BOOL_CONVERSION = YES;
				CLANG_WARN_COMMA = YES;
				CLANG_WARN_CONSTANT_CONVERSION = YES;
				CLANG_WARN_DEPRECATED_OBJC_IMPLEMENTATIONS = YES;
				CLANG_WARN_DIRECT_OBJC_ISA_USAGE = YES_ERROR;
				CLANG_WARN_DOCUMENTATION_COMMENTS = YES;
				CLANG_WARN_EMPTY_BODY = YES;
				CLANG_WARN_ENUM_CONVERSION = YES;
				CLANG_WARN_INFINITE_RECURSION = YES;
				CLANG_WARN_INT_CONVERSION = YES;
				CLANG_WARN_NON_LITERAL_NULL_CONVERSION = YES;
				CLANG_WARN_OBJC_IMPLICIT_RETAIN_SELF = YES;
				CLANG_WARN_OBJC_LITERAL_CONVERSION = YES;
				CLANG_WARN_OBJC_ROOT_CLASS = YES_ERROR;
				CLANG_WARN_RANGE_LOOP_ANALYSIS = YES;
				CLANG_WARN_STRICT_PROTOTYPES = YES;
				CLANG_WARN_SUSPICIOUS_MOVE = YES;
				CLANG_WARN_UNGUARDED_AVAILABILITY = YES_AGGRESSIVE;
				CLANG_WARN_UNREACHABLE_CODE = YES;
				CLANG_WARN__DUPLICATE_METHOD_MATCH = YES;
				COPY_PHASE_STRIP = NO;
				DEBUG_INFORMATION_FORMAT = "dwarf-with-dsym";
				ENABLE_NS_ASSERTIONS = NO;
				ENABLE_STRICT_OBJC_MSGSEND = YES;
				GCC_C_LANGUAGE_STANDARD = gnu11;
				GCC_NO_COMMON_BLOCKS = YES;
				GCC_WARN_64_TO_32_BIT_CONVERSION = YES;
				GCC_WARN_ABOUT_RETURN_TYPE = YES_ERROR;
				GCC_WARN_UNDECLARED_SELECTOR = YES;
				GCC_WARN_UNINITIALIZED_AUTOS = YES_AGGRESSIVE;
				GCC_WARN_UNUSED_FUNCTION = YES;
				GCC_WARN_UNUSED_VARIABLE = YES;
				IPHONEOS_DEPLOYMENT_TARGET = 13.4;
				MTL_ENABLE_DEBUG_INFO = NO;
				MTL_FAST_MATH = YES;
				SDKROOT = iphoneos;
				SWIFT_COMPILATION_MODE = wholemodule;
				SWIFT_OPTIMIZATION_LEVEL = "-O";
				VALIDATE_PRODUCT = YES;
			};
			name = Release;
		};
		FA399FD5246013DD0043A688 /* Debug */ = {
			isa = XCBuildConfiguration;
			buildSettings = {
				ASSETCATALOG_COMPILER_APPICON_NAME = AppIcon;
				CODE_SIGN_STYLE = Automatic;
				DEVELOPMENT_TEAM = 58PCABA652;
				INFOPLIST_FILE = Project10/Info.plist;
				LD_RUNPATH_SEARCH_PATHS = (
					"$(inherited)",
					"@executable_path/Frameworks",
				);
				PRODUCT_BUNDLE_IDENTIFIER = com.example.Project10;
				PRODUCT_NAME = "$(TARGET_NAME)";
				SWIFT_VERSION = 5.0;
				TARGETED_DEVICE_FAMILY = "1,2";
			};
			name = Debug;
		};
		FA399FD6246013DD0043A688 /* Release */ = {
			isa = XCBuildConfiguration;
			buildSettings = {
				ASSETCATALOG_COMPILER_APPICON_NAME = AppIcon;
				CODE_SIGN_STYLE = Automatic;
				DEVELOPMENT_TEAM = 58PCABA652;
				INFOPLIST_FILE = Project10/Info.plist;
				LD_RUNPATH_SEARCH_PATHS = (
					"$(inherited)",
					"@executable_path/Frameworks",
				);
				PRODUCT_BUNDLE_IDENTIFIER = com.example.Project10;
				PRODUCT_NAME = "$(TARGET_NAME)";
				SWIFT_VERSION = 5.0;
				TARGETED_DEVICE_FAMILY = "1,2";
			};
			name = Release;
		};
/* End XCBuildConfiguration section */

/* Begin XCConfigurationList section */
		FA399FBB246013DB0043A688 /* Build configuration list for PBXProject "Project10" */ = {
			isa = XCConfigurationList;
			buildConfigurations = (
				FA399FD2246013DD0043A688 /* Debug */,
				FA399FD3246013DD0043A688 /* Release */,
			);
			defaultConfigurationIsVisible = 0;
			defaultConfigurationName = Release;
		};
		FA399FD4246013DD0043A688 /* Build configuration list for PBXNativeTarget "Project10" */ = {
			isa = XCConfigurationList;
			buildConfigurations = (
				FA399FD5246013DD0043A688 /* Debug */,
				FA399FD6246013DD0043A688 /* Release */,
			);
			defaultConfigurationIsVisible = 0;
			defaultConfigurationName = Release;
		};
/* End XCConfigurationList section */
	};
	rootObject = FA399FB8246013DB0043A688 /* Project object */;
}
